
Microsoft Visual Studio Solution File, Format Version 12.00
# Visual Studio 2013
VisualStudioVersion = 12.0.21005.1
MinimumVisualStudioVersion = 10.0.40219.1
Project("{FAE04EC0-301F-11D3-BF4B-00C04F79EFBC}") = "OurMusic", "OurMusic\OurMusic.csproj", "{B9334FDF-F25C-422A-B5A3-B237193FF258}"
EndProject
Project("{FAE04EC0-301F-11D3-BF4B-00C04F79EFBC}") = "OurMusic.Tests", "OurMusic.Tests\OurMusic.Tests.csproj", "{13281316-599E-41B3-8ED8-80F98C4E1BC5}"
EndProject
Global
	GlobalSection(SolutionConfigurationPlatforms) = preSolution
		Debug|Any CPU = Debug|Any CPU
		Release|Any CPU = Release|Any CPU
	EndGlobalSection
	GlobalSection(ProjectConfigurationPlatforms) = postSolution
		{B9334FDF-F25C-422A-B5A3-B237193FF258}.Debug|Any CPU.ActiveCfg = Debug|Any CPU
		{B9334FDF-F25C-422A-B5A3-B237193FF258}.Debug|Any CPU.Build.0 = Debug|Any CPU
		{B9334FDF-F25C-422A-B5A3-B237193FF258}.Release|Any CPU.ActiveCfg = Release|Any CPU
		{B9334FDF-F25C-422A-B5A3-B237193FF258}.Release|Any CPU.Build.0 = Release|Any CPU
		{13281316-599E-41B3-8ED8-80F98C4E1BC5}.Debug|Any CPU.ActiveCfg = Debug|Any CPU
		{13281316-599E-41B3-8ED8-80F98C4E1BC5}.Debug|Any CPU.Build.0 = Debug|Any CPU
		{13281316-599E-41B3-8ED8-80F98C4E1BC5}.Release|Any CPU.ActiveCfg = Release|Any CPU
		{13281316-599E-41B3-8ED8-80F98C4E1BC5}.Release|Any CPU.Build.0 = Release|Any CPU
	EndGlobalSection
	GlobalSection(SolutionProperties) = preSolution
		HideSolutionNode = FALSE
	EndGlobalSection
EndGlobal
